<?xml version="1.0" encoding="utf-8"?>
<Project ToolsVersion="4.0" xmlns="http://schemas.microsoft.com/developer/msbuild/2003">
  <ItemGroup>
    <Filter Include="Source Files">
      <UniqueIdentifier>{99141bc5-b323-41be-ade4-28e2e398129c}</UniqueIdentifier>
      <Extensions>cpp;c;cxx;rc;def;r;odl;idl;hpj;bat</Extensions>
    </Filter>
    <Filter Include="Header Files">
      <UniqueIdentifier>{24db4725-de86-4ced-9760-0089ff7530be}</UniqueIdentifier>
      <Extensions>h;hpp;hxx;hm;inl</Extensions>
    </Filter>
    <Filter Include="Resource Files">
      <UniqueIdentifier>{85e1e57f-1c07-4898-8518-95efe3d76847}</UniqueIdentifier>
      <Extensions>ico;cur;bmp;dlg;rc2;rct;bin;rgs;gif;jpg;jpeg;jpe</Extensions>
    </Filter>
  </ItemGroup>
  <ItemGroup>
    <ClCompile Include="GetHDSerial.cpp">
      <Filter>Source Files</Filter>
    </ClCompile>
    <ClCompile Include="GetScreenToBitmap.cpp">
      <Filter>Source Files</Filter>
    </ClCompile>
    <ClCompile Include="huffman.cpp">
      <Filter>Source Files</Filter>
    </ClCompile>
    <ClCompile Include="Jpegfile.cpp">
      <Filter>Source Files</Filter>
    </ClCompile>
    <ClCompile Include="MyServer.cpp">
      <Filter>Source Files</Filter>
    </ClCompile>
    <ClCompile Include="MyServerDlg.cpp">
      <Filter>Source Files</Filter>
    </ClCompile>
    <ClCompile Include="StdAfx.cpp">
      <Filter>Source Files</Filter>
    </ClCompile>
    <ClCompile Include="TcpTran.cpp">
      <Filter>Source Files</Filter>
    </ClCompile>
  </ItemGroup>
  <ItemGroup>
    <ResourceCompile Include="MyServer.rc">
      <Filter>Source Files</Filter>
    </ResourceCompile>
  </ItemGroup>
  <ItemGroup>
    <ClInclude Include="comm.h">
      <Filter>Header Files</Filter>
    </ClInclude>
    <ClInclude Include="GetHDSerial.h">
      <Filter>Header Files</Filter>
    </ClInclude>
    <ClInclude Include="GetScreenToBitmap.h">
      <Filter>Header Files</Filter>
    </ClInclude>
    <ClInclude Include="GetService.h">
      <Filter>Header Files</Filter>
    </ClInclude>
    <ClInclude Include="GetSysInfo.h">
      <Filter>Header Files</Filter>
    </ClInclude>
    <ClInclude Include="huffman.h">
      <Filter>Header Files</Filter>
    </ClInclude>
    <ClInclude Include="jpegfile.h">
      <Filter>Header Files</Filter>
    </ClInclude>
    <ClInclude Include="Keylog.h">
      <Filter>Header Files</Filter>
    </ClInclude>
    <ClInclude Include="MyServer.h">
      <Filter>Header Files</Filter>
    </ClInclude>
    <ClInclude Include="MyServerDlg.h">
      <Filter>Header Files</Filter>
    </ClInclude>
    <ClInclude Include="ProcessInfo.h">
      <Filter>Header Files</Filter>
    </ClInclude>
    <ClInclude Include="Resource.h">
      <Filter>Header Files</Filter>
    </ClInclude>
    <ClInclude Include="StdAfx.h">
      <Filter>Header Files</Filter>
    </ClInclude>
    <ClInclude Include="TcpTran.h">
      <Filter>Header Files</Filter>
    </ClInclude>
  </ItemGroup>
  <ItemGroup>
    <CustomBuild Include="res\MyServer.ico">
      <Filter>Resource Files</Filter>
    </CustomBuild>
    <CustomBuild Include="res\MyServer.rc2">
      <Filter>Resource Files</Filter>
    </CustomBuild>
    <CustomBuild Include="ReadMe.txt" />
  </ItemGroup>
</Project>